// !$*UTF8*$!
{
	archiveVersion = 1;
	classes = {
	};
	objectVersion = 46;
	objects = {

/* Begin PBXBuildFile section */
		B07C84311E4414390013B832 /* FMDatabase.m in Sources */ = {isa = PBXBuildFile; fileRef = B07C84261E4414390013B832 /* FMDatabase.m */; };
		B07C84321E4414390013B832 /* FMDatabaseAdditions.m in Sources */ = {isa = PBXBuildFile; fileRef = B07C84281E4414390013B832 /* FMDatabaseAdditions.m */; };
		B07C84331E4414390013B832 /* FMDatabasePool.m in Sources */ = {isa = PBXBuildFile; fileRef = B07C842A1E4414390013B832 /* FMDatabasePool.m */; };
		B07C84341E4414390013B832 /* FMDatabaseQueue.m in Sources */ = {isa = PBXBuildFile; fileRef = B07C842C1E4414390013B832 /* FMDatabaseQueue.m */; };
		B07C84351E4414390013B832 /* FMResultSet.m in Sources */ = {isa = PBXBuildFile; fileRef = B07C842F1E4414390013B832 /* FMResultSet.m */; };
		B07C84381E4416BC0013B832 /* libsqlite3.tbd in Frameworks */ = {isa = PBXBuildFile; fileRef = B07C84371E4416BC0013B832 /* libsqlite3.tbd */; };
		B08B66F71E1B6F99004A4A02 /* main.m in Sources */ = {isa = PBXBuildFile; fileRef = B08B66F61E1B6F99004A4A02 /* main.m */; };
		B08B66FA1E1B6F99004A4A02 /* AppDelegate.m in Sources */ = {isa = PBXBuildFile; fileRef = B08B66F91E1B6F99004A4A02 /* AppDelegate.m */; };
		B08B66FD1E1B6F99004A4A02 /* ViewController.m in Sources */ = {isa = PBXBuildFile; fileRef = B08B66FC1E1B6F99004A4A02 /* ViewController.m */; };
		B08B67001E1B6F99004A4A02 /* Main.storyboard in Resources */ = {isa = PBXBuildFile; fileRef = B08B66FE1E1B6F99004A4A02 /* Main.storyboard */; };
		B08B67021E1B6F99004A4A02 /* Assets.xcassets in Resources */ = {isa = PBXBuildFile; fileRef = B08B67011E1B6F99004A4A02 /* Assets.xcassets */; };
		B08B67051E1B6F99004A4A02 /* LaunchScreen.storyboard in Resources */ = {isa = PBXBuildFile; fileRef = B08B67031E1B6F99004A4A02 /* LaunchScreen.storyboard */; };
		B08B67101E1B6F99004A4A02 /* _________Tests.m in Sources */ = {isa = PBXBuildFile; fileRef = B08B670F1E1B6F99004A4A02 /* _________Tests.m */; };
		B08B671B1E1B6F99004A4A02 /* _________UITests.m in Sources */ = {isa = PBXBuildFile; fileRef = B08B671A1E1B6F99004A4A02 /* _________UITests.m */; };
		B08B672A1E1B7923004A4A02 /* FDPerson.m in Sources */ = {isa = PBXBuildFile; fileRef = B08B67291E1B7923004A4A02 /* FDPerson.m */; };
/* End PBXBuildFile section */

/* Begin PBXContainerItemProxy section */
		B08B670C1E1B6F99004A4A02 /* PBXContainerItemProxy */ = {
			isa = PBXContainerItemProxy;
			containerPortal = B08B66EA1E1B6F99004A4A02 /* Project object */;
			proxyType = 1;
			remoteGlobalIDString = B08B66F11E1B6F99004A4A02;
			remoteInfo = "文件的本地缓存方式";
		};
		B08B67171E1B6F99004A4A02 /* PBXContainerItemProxy */ = {
			isa = PBXContainerItemProxy;
			containerPortal = B08B66EA1E1B6F99004A4A02 /* Project object */;
			proxyType = 1;
			remoteGlobalIDString = B08B66F11E1B6F99004A4A02;
			remoteInfo = "文件的本地缓存方式";
		};
/* End PBXContainerItemProxy section */

/* Begin PBXFileReference section */
		B07C84251E4414390013B832 /* FMDatabase.h */ = {isa = PBXFileReference; fileEncoding = 4; lastKnownFileType = sourcecode.c.h; path = FMDatabase.h; sourceTree = "<group>"; };
		B07C84261E4414390013B832 /* FMDatabase.m */ = {isa = PBXFileReference; fileEncoding = 4; lastKnownFileType = sourcecode.c.objc; path = FMDatabase.m; sourceTree = "<group>"; };
		B07C84271E4414390013B832 /* FMDatabaseAdditions.h */ = {isa = PBXFileReference; fileEncoding = 4; lastKnownFileType = sourcecode.c.h; path = FMDatabaseAdditions.h; sourceTree = "<group>"; };
		B07C84281E4414390013B832 /* FMDatabaseAdditions.m */ = {isa = PBXFileReference; fileEncoding = 4; lastKnownFileType = sourcecode.c.objc; path = FMDatabaseAdditions.m; sourceTree = "<group>"; };
		B07C84291E4414390013B832 /* FMDatabasePool.h */ = {isa = PBXFileReference; fileEncoding = 4; lastKnownFileType = sourcecode.c.h; path = FMDatabasePool.h; sourceTree = "<group>"; };
		B07C842A1E4414390013B832 /* FMDatabasePool.m */ = {isa = PBXFileReference; fileEncoding = 4; lastKnownFileType = sourcecode.c.objc; path = FMDatabasePool.m; sourceTree = "<group>"; };
		B07C842B1E4414390013B832 /* FMDatabaseQueue.h */ = {isa = PBXFileReference; fileEncoding = 4; lastKnownFileType = sourcecode.c.h; path = FMDatabaseQueue.h; sourceTree = "<group>"; };
		B07C842C1E4414390013B832 /* FMDatabaseQueue.m */ = {isa = PBXFileReference; fileEncoding = 4; lastKnownFileType = sourcecode.c.objc; path = FMDatabaseQueue.m; sourceTree = "<group>"; };
		B07C842D1E4414390013B832 /* FMDB.h */ = {isa = PBXFileReference; fileEncoding = 4; lastKnownFileType = sourcecode.c.h; path = FMDB.h; sourceTree = "<group>"; };
		B07C842E1E4414390013B832 /* FMResultSet.h */ = {isa = PBXFileReference; fileEncoding = 4; lastKnownFileType = sourcecode.c.h; path = FMResultSet.h; sourceTree = "<group>"; };
		B07C842F1E4414390013B832 /* FMResultSet.m */ = {isa = PBXFileReference; fileEncoding = 4; lastKnownFileType = sourcecode.c.objc; path = FMResultSet.m; sourceTree = "<group>"; };
		B07C84371E4416BC0013B832 /* libsqlite3.tbd */ = {isa = PBXFileReference; lastKnownFileType = "sourcecode.text-based-dylib-definition"; name = libsqlite3.tbd; path = usr/lib/libsqlite3.tbd; sourceTree = SDKROOT; };
		B08B66F21E1B6F99004A4A02 /* 文件的本地缓存方式.app */ = {isa = PBXFileReference; explicitFileType = wrapper.application; includeInIndex = 0; path = "文件的本地缓存方式.app"; sourceTree = BUILT_PRODUCTS_DIR; };
		B08B66F61E1B6F99004A4A02 /* main.m */ = {isa = PBXFileReference; lastKnownFileType = sourcecode.c.objc; path = main.m; sourceTree = "<group>"; };
		B08B66F81E1B6F99004A4A02 /* AppDelegate.h */ = {isa = PBXFileReference; lastKnownFileType = sourcecode.c.h; path = AppDelegate.h; sourceTree = "<group>"; };
		B08B66F91E1B6F99004A4A02 /* AppDelegate.m */ = {isa = PBXFileReference; lastKnownFileType = sourcecode.c.objc; path = AppDelegate.m; sourceTree = "<group>"; };
		B08B66FB1E1B6F99004A4A02 /* ViewController.h */ = {isa = PBXFileReference; lastKnownFileType = sourcecode.c.h; path = ViewController.h; sourceTree = "<group>"; };
		B08B66FC1E1B6F99004A4A02 /* ViewController.m */ = {isa = PBXFileReference; lastKnownFileType = sourcecode.c.objc; path = ViewController.m; sourceTree = "<group>"; };
		B08B66FF1E1B6F99004A4A02 /* Base */ = {isa = PBXFileReference; lastKnownFileType = file.storyboard; name = Base; path = Base.lproj/Main.storyboard; sourceTree = "<group>"; };
		B08B67011E1B6F99004A4A02 /* Assets.xcassets */ = {isa = PBXFileReference; lastKnownFileType = folder.assetcatalog; path = Assets.xcassets; sourceTree = "<group>"; };
		B08B67041E1B6F99004A4A02 /* Base */ = {isa = PBXFileReference; lastKnownFileType = file.storyboard; name = Base; path = Base.lproj/LaunchScreen.storyboard; sourceTree = "<group>"; };
		B08B67061E1B6F99004A4A02 /* Info.plist */ = {isa = PBXFileReference; lastKnownFileType = text.plist.xml; path = Info.plist; sourceTree = "<group>"; };
		B08B670B1E1B6F99004A4A02 /* 文件的本地缓存方式Tests.xctest */ = {isa = PBXFileReference; explicitFileType = wrapper.cfbundle; includeInIndex = 0; path = "文件的本地缓存方式Tests.xctest"; sourceTree = BUILT_PRODUCTS_DIR; };
		B08B670F1E1B6F99004A4A02 /* _________Tests.m */ = {isa = PBXFileReference; lastKnownFileType = sourcecode.c.objc; path = "_________Tests.m"; sourceTree = "<group>"; };
		B08B67111E1B6F99004A4A02 /* Info.plist */ = {isa = PBXFileReference; lastKnownFileType = text.plist.xml; path = Info.plist; sourceTree = "<group>"; };
		B08B67161E1B6F99004A4A02 /* 文件的本地缓存方式UITests.xctest */ = {isa = PBXFileReference; explicitFileType = wrapper.cfbundle; includeInIndex = 0; path = "文件的本地缓存方式UITests.xctest"; sourceTree = BUILT_PRODUCTS_DIR; };
		B08B671A1E1B6F99004A4A02 /* _________UITests.m */ = {isa = PBXFileReference; lastKnownFileType = sourcecode.c.objc; path = "_________UITests.m"; sourceTree = "<group>"; };
		B08B671C1E1B6F99004A4A02 /* Info.plist */ = {isa = PBXFileReference; lastKnownFileType = text.plist.xml; path = Info.plist; sourceTree = "<group>"; };
		B08B67281E1B7923004A4A02 /* FDPerson.h */ = {isa = PBXFileReference; fileEncoding = 4; lastKnownFileType = sourcecode.c.h; path = FDPerson.h; sourceTree = "<group>"; };
		B08B67291E1B7923004A4A02 /* FDPerson.m */ = {isa = PBXFileReference; fileEncoding = 4; lastKnownFileType = sourcecode.c.objc; path = FDPerson.m; sourceTree = "<group>"; };
/* End PBXFileReference section */

/* Begin PBXFrameworksBuildPhase section */
		B08B66EF1E1B6F99004A4A02 /* Frameworks */ = {
			isa = PBXFrameworksBuildPhase;
			buildActionMask = 2147483647;
			files = (
				B07C84381E4416BC0013B832 /* libsqlite3.tbd in Frameworks */,
			);
			runOnlyForDeploymentPostprocessing = 0;
		};
		B08B67081E1B6F99004A4A02 /* Frameworks */ = {
			isa = PBXFrameworksBuildPhase;
			buildActionMask = 2147483647;
			files = (
			);
			runOnlyForDeploymentPostprocessing = 0;
		};
		B08B67131E1B6F99004A4A02 /* Frameworks */ = {
			isa = PBXFrameworksBuildPhase;
			buildActionMask = 2147483647;
			files = (
			);
			runOnlyForDeploymentPostprocessing = 0;
		};
/* End PBXFrameworksBuildPhase section */

/* Begin PBXGroup section */
		B07C84241E4414390013B832 /* fmdb */ = {
			isa = PBXGroup;
			children = (
				B07C84251E4414390013B832 /* FMDatabase.h */,
				B07C84261E4414390013B832 /* FMDatabase.m */,
				B07C84271E4414390013B832 /* FMDatabaseAdditions.h */,
				B07C84281E4414390013B832 /* FMDatabaseAdditions.m */,
				B07C84291E4414390013B832 /* FMDatabasePool.h */,
				B07C842A1E4414390013B832 /* FMDatabasePool.m */,
				B07C842B1E4414390013B832 /* FMDatabaseQueue.h */,
				B07C842C1E4414390013B832 /* FMDatabaseQueue.m */,
				B07C842D1E4414390013B832 /* FMDB.h */,
				B07C842E1E4414390013B832 /* FMResultSet.h */,
				B07C842F1E4414390013B832 /* FMResultSet.m */,
			);
			path = fmdb;
			sourceTree = "<group>";
		};
		B08B66E91E1B6F99004A4A02 = {
			isa = PBXGroup;
			children = (
				B07C84371E4416BC0013B832 /* libsqlite3.tbd */,
				B08B66F41E1B6F99004A4A02 /* 文件的本地缓存方式 */,
				B08B670E1E1B6F99004A4A02 /* 文件的本地缓存方式Tests */,
				B08B67191E1B6F99004A4A02 /* 文件的本地缓存方式UITests */,
				B08B66F31E1B6F99004A4A02 /* Products */,
			);
			sourceTree = "<group>";
		};
		B08B66F31E1B6F99004A4A02 /* Products */ = {
			isa = PBXGroup;
			children = (
				B08B66F21E1B6F99004A4A02 /* 文件的本地缓存方式.app */,
				B08B670B1E1B6F99004A4A02 /* 文件的本地缓存方式Tests.xctest */,
				B08B67161E1B6F99004A4A02 /* 文件的本地缓存方式UITests.xctest */,
			);
			name = Products;
			sourceTree = "<group>";
		};
		B08B66F41E1B6F99004A4A02 /* 文件的本地缓存方式 */ = {
			isa = PBXGroup;
			children = (
				B07C84241E4414390013B832 /* fmdb */,
				B08B66F81E1B6F99004A4A02 /* AppDelegate.h */,
				B08B66F91E1B6F99004A4A02 /* AppDelegate.m */,
				B08B66FB1E1B6F99004A4A02 /* ViewController.h */,
				B08B66FC1E1B6F99004A4A02 /* ViewController.m */,
				B08B67281E1B7923004A4A02 /* FDPerson.h */,
				B08B67291E1B7923004A4A02 /* FDPerson.m */,
				B08B66FE1E1B6F99004A4A02 /* Main.storyboard */,
				B08B67011E1B6F99004A4A02 /* Assets.xcassets */,
				B08B67031E1B6F99004A4A02 /* LaunchScreen.storyboard */,
				B08B67061E1B6F99004A4A02 /* Info.plist */,
				B08B66F51E1B6F99004A4A02 /* Supporting Files */,
			);
			path = "文件的本地缓存方式";
			sourceTree = "<group>";
		};
		B08B66F51E1B6F99004A4A02 /* Supporting Files */ = {
			isa = PBXGroup;
			children = (
				B08B66F61E1B6F99004A4A02 /* main.m */,
			);
			name = "Supporting Files";
			sourceTree = "<group>";
		};
		B08B670E1E1B6F99004A4A02 /* 文件的本地缓存方式Tests */ = {
			isa = PBXGroup;
			children = (
				B08B670F1E1B6F99004A4A02 /* _________Tests.m */,
				B08B67111E1B6F99004A4A02 /* Info.plist */,
			);
			path = "文件的本地缓存方式Tests";
			sourceTree = "<group>";
		};
		B08B67191E1B6F99004A4A02 /* 文件的本地缓存方式UITests */ = {
			isa = PBXGroup;
			children = (
				B08B671A1E1B6F99004A4A02 /* _________UITests.m */,
				B08B671C1E1B6F99004A4A02 /* Info.plist */,
			);
			path = "文件的本地缓存方式UITests";
			sourceTree = "<group>";
		};
/* End PBXGroup section */

/* Begin PBXNativeTarget section */
		B08B66F11E1B6F99004A4A02 /* 文件的本地缓存方式 */ = {
			isa = PBXNativeTarget;
			buildConfigurationList = B08B671F1E1B6F99004A4A02 /* Build configuration list for PBXNativeTarget "文件的本地缓存方式" */;
			buildPhases = (
				B08B66EE1E1B6F99004A4A02 /* Sources */,
				B08B66EF1E1B6F99004A4A02 /* Frameworks */,
				B08B66F01E1B6F99004A4A02 /* Resources */,
			);
			buildRules = (
			);
			dependencies = (
			);
			name = "文件的本地缓存方式";
			productName = "文件的本地缓存方式";
			productReference = B08B66F21E1B6F99004A4A02 /* 文件的本地缓存方式.app */;
			productType = "com.apple.product-type.application";
		};
		B08B670A1E1B6F99004A4A02 /* 文件的本地缓存方式Tests */ = {
			isa = PBXNativeTarget;
			buildConfigurationList = B08B67221E1B6F99004A4A02 /* Build configuration list for PBXNativeTarget "文件的本地缓存方式Tests" */;
			buildPhases = (
				B08B67071E1B6F99004A4A02 /* Sources */,
				B08B67081E1B6F99004A4A02 /* Frameworks */,
				B08B67091E1B6F99004A4A02 /* Resources */,
			);
			buildRules = (
			);
			dependencies = (
				B08B670D1E1B6F99004A4A02 /* PBXTargetDependency */,
			);
			name = "文件的本地缓存方式Tests";
			productName = "文件的本地缓存方式Tests";
			productReference = B08B670B1E1B6F99004A4A02 /* 文件的本地缓存方式Tests.xctest */;
			productType = "com.apple.product-type.bundle.unit-test";
		};
		B08B67151E1B6F99004A4A02 /* 文件的本地缓存方式UITests */ = {
			isa = PBXNativeTarget;
			buildConfigurationList = B08B67251E1B6F99004A4A02 /* Build configuration list for PBXNativeTarget "文件的本地缓存方式UITests" */;
			buildPhases = (
				B08B67121E1B6F99004A4A02 /* Sources */,
				B08B67131E1B6F99004A4A02 /* Frameworks */,
				B08B67141E1B6F99004A4A02 /* Resources */,
			);
			buildRules = (
			);
			dependencies = (
				B08B67181E1B6F99004A4A02 /* PBXTargetDependency */,
			);
			name = "文件的本地缓存方式UITests";
			productName = "文件的本地缓存方式UITests";
			productReference = B08B67161E1B6F99004A4A02 /* 文件的本地缓存方式UITests.xctest */;
			productType = "com.apple.product-type.bundle.ui-testing";
		};
/* End PBXNativeTarget section */

/* Begin PBXProject section */
		B08B66EA1E1B6F99004A4A02 /* Project object */ = {
			isa = PBXProject;
			attributes = {
				LastUpgradeCheck = 0720;
				ORGANIZATIONNAME = feyddy;
				TargetAttributes = {
					B08B66F11E1B6F99004A4A02 = {
						CreatedOnToolsVersion = 7.2;
					};
					B08B670A1E1B6F99004A4A02 = {
						CreatedOnToolsVersion = 7.2;
						TestTargetID = B08B66F11E1B6F99004A4A02;
					};
					B08B67151E1B6F99004A4A02 = {
						CreatedOnToolsVersion = 7.2;
						TestTargetID = B08B66F11E1B6F99004A4A02;
					};
				};
			};
			buildConfigurationList = B08B66ED1E1B6F99004A4A02 /* Build configuration list for PBXProject "文件的本地缓存方式" */;
			compatibilityVersion = "Xcode 3.2";
			developmentRegion = English;
			hasScannedForEncodings = 0;
			knownRegions = (
				en,
				Base,
			);
			mainGroup = B08B66E91E1B6F99004A4A02;
			productRefGroup = B08B66F31E1B6F99004A4A02 /* Products */;
			projectDirPath = "";
			projectRoot = "";
			targets = (
				B08B66F11E1B6F99004A4A02 /* 文件的本地缓存方式 */,
				B08B670A1E1B6F99004A4A02 /* 文件的本地缓存方式Tests */,
				B08B67151E1B6F99004A4A02 /* 文件的本地缓存方式UITests */,
			);
		};
/* End PBXProject section */

/* Begin PBXResourcesBuildPhase section */
		B08B66F01E1B6F99004A4A02 /* Resources */ = {
			isa = PBXResourcesBuildPhase;
			buildActionMask = 2147483647;
			files = (
				B08B67051E1B6F99004A4A02 /* LaunchScreen.storyboard in Resources */,
				B08B67021E1B6F99004A4A02 /* Assets.xcassets in Resources */,
				B08B67001E1B6F99004A4A02 /* Main.storyboard in Resources */,
			);
			runOnlyForDeploymentPostprocessing = 0;
		};
		B08B67091E1B6F99004A4A02 /* Resources */ = {
			isa = PBXResourcesBuildPhase;
			buildActionMask = 2147483647;
			files = (
			);
			runOnlyForDeploymentPostprocessing = 0;
		};
		B08B67141E1B6F99004A4A02 /* Resources */ = {
			isa = PBXResourcesBuildPhase;
			buildActionMask = 2147483647;
			files = (
			);
			runOnlyForDeploymentPostprocessing = 0;
		};
/* End PBXResourcesBuildPhase section */

/* Begin PBXSourcesBuildPhase section */
		B08B66EE1E1B6F99004A4A02 /* Sources */ = {
			isa = PBXSourcesBuildPhase;
			buildActionMask = 2147483647;
			files = (
				B08B66FD1E1B6F99004A4A02 /* ViewController.m in Sources */,
				B07C84341E4414390013B832 /* FMDatabaseQueue.m in Sources */,
				B08B66FA1E1B6F99004A4A02 /* AppDelegate.m in Sources */,
				B08B672A1E1B7923004A4A02 /* FDPerson.m in Sources */,
				B07C84311E4414390013B832 /* FMDatabase.m in Sources */,
				B07C84331E4414390013B832 /* FMDatabasePool.m in Sources */,
				B07C84351E4414390013B832 /* FMResultSet.m in Sources */,
				B08B66F71E1B6F99004A4A02 /* main.m in Sources */,
				B07C84321E4414390013B832 /* FMDatabaseAdditions.m in Sources */,
			);
			runOnlyForDeploymentPostprocessing = 0;
		};
		B08B67071E1B6F99004A4A02 /* Sources */ = {
			isa = PBXSourcesBuildPhase;
			buildActionMask = 2147483647;
			files = (
				B08B67101E1B6F99004A4A02 /* _________Tests.m in Sources */,
			);
			runOnlyForDeploymentPostprocessing = 0;
		};
		B08B67121E1B6F99004A4A02 /* Sources */ = {
			isa = PBXSourcesBuildPhase;
			buildActionMask = 2147483647;
			files = (
				B08B671B1E1B6F99004A4A02 /* _________UITests.m in Sources */,
			);
			runOnlyForDeploymentPostprocessing = 0;
		};
/* End PBXSourcesBuildPhase section */

/* Begin PBXTargetDependency section */
		B08B670D1E1B6F99004A4A02 /* PBXTargetDependency */ = {
			isa = PBXTargetDependency;
			target = B08B66F11E1B6F99004A4A02 /* 文件的本地缓存方式 */;
			targetProxy = B08B670C1E1B6F99004A4A02 /* PBXContainerItemProxy */;
		};
		B08B67181E1B6F99004A4A02 /* PBXTargetDependency */ = {
			isa = PBXTargetDependency;
			target = B08B66F11E1B6F99004A4A02 /* 文件的本地缓存方式 */;
			targetProxy = B08B67171E1B6F99004A4A02 /* PBXContainerItemProxy */;
		};
/* End PBXTargetDependency section */

/* Begin PBXVariantGroup section */
		B08B66FE1E1B6F99004A4A02 /* Main.storyboard */ = {
			isa = PBXVariantGroup;
			children = (
				B08B66FF1E1B6F99004A4A02 /* Base */,
			);
			name = Main.storyboard;
			sourceTree = "<group>";
		};
		B08B67031E1B6F99004A4A02 /* LaunchScreen.storyboard */ = {
			isa = PBXVariantGroup;
			children = (
				B08B67041E1B6F99004A4A02 /* Base */,
			);
			name = LaunchScreen.storyboard;
			sourceTree = "<group>";
		};
/* End PBXVariantGroup section */

/* Begin XCBuildConfiguration section */
		B08B671D1E1B6F99004A4A02 /* Debug */ = {
			isa = XCBuildConfiguration;
			buildSettings = {
				ALWAYS_SEARCH_USER_PATHS = NO;
				CLANG_CXX_LANGUAGE_STANDARD = "gnu++0x";
				CLANG_CXX_LIBRARY = "libc++";
				CLANG_ENABLE_MODULES = YES;
				CLANG_ENABLE_OBJC_ARC = YES;
				CLANG_WARN_BOOL_CONVERSION = YES;
				CLANG_WARN_CONSTANT_CONVERSION = YES;
				CLANG_WARN_DIRECT_OBJC_ISA_USAGE = YES_ERROR;
				CLANG_WARN_EMPTY_BODY = YES;
				CLANG_WARN_ENUM_CONVERSION = YES;
				CLANG_WARN_INT_CONVERSION = YES;
				CLANG_WARN_OBJC_ROOT_CLASS = YES_ERROR;
				CLANG_WARN_UNREACHABLE_CODE = YES;
				CLANG_WARN__DUPLICATE_METHOD_MATCH = YES;
				"CODE_SIGN_IDENTITY[sdk=iphoneos*]" = "iPhone Developer";
				COPY_PHASE_STRIP = NO;
				DEBUG_INFORMATION_FORMAT = dwarf;
				ENABLE_STRICT_OBJC_MSGSEND = YES;
				ENABLE_TESTABILITY = YES;
				GCC_C_LANGUAGE_STANDARD = gnu99;
				GCC_DYNAMIC_NO_PIC = NO;
				GCC_NO_COMMON_BLOCKS = YES;
				GCC_OPTIMIZATION_LEVEL = 0;
				GCC_PREPROCESSOR_DEFINITIONS = (
					"DEBUG=1",
					"$(inherited)",
				);
				GCC_WARN_64_TO_32_BIT_CONVERSION = YES;
				GCC_WARN_ABOUT_RETURN_TYPE = YES_ERROR;
				GCC_WARN_UNDECLARED_SELECTOR = YES;
				GCC_WARN_UNINITIALIZED_AUTOS = YES_AGGRESSIVE;
				GCC_WARN_UNUSED_FUNCTION = YES;
				GCC_WARN_UNUSED_VARIABLE = YES;
				IPHONEOS_DEPLOYMENT_TARGET = 9.2;
				MTL_ENABLE_DEBUG_INFO = YES;
				ONLY_ACTIVE_ARCH = YES;
				SDKROOT = iphoneos;
			};
			name = Debug;
		};
		B08B671E1E1B6F99004A4A02 /* Release */ = {
			isa = XCBuildConfiguration;
			buildSettings = {
				ALWAYS_SEARCH_USER_PATHS = NO;
				CLANG_CXX_LANGUAGE_STANDARD = "gnu++0x";
				CLANG_CXX_LIBRARY = "libc++";
				CLANG_ENABLE_MODULES = YES;
				CLANG_ENABLE_OBJC_ARC = YES;
				CLANG_WARN_BOOL_CONVERSION = YES;
				CLANG_WARN_CONSTANT_CONVERSION = YES;
				CLANG_WARN_DIRECT_OBJC_ISA_USAGE = YES_ERROR;
				CLANG_WARN_EMPTY_BODY = YES;
				CLANG_WARN_ENUM_CONVERSION = YES;
				CLANG_WARN_INT_CONVERSION = YES;
				CLANG_WARN_OBJC_ROOT_CLASS = YES_ERROR;
				CLANG_WARN_UNREACHABLE_CODE = YES;
				CLANG_WARN__DUPLICATE_METHOD_MATCH = YES;
				"CODE_SIGN_IDENTITY[sdk=iphoneos*]" = "iPhone Developer";
				COPY_PHASE_STRIP = NO;
				DEBUG_INFORMATION_FORMAT = "dwarf-with-dsym";
				ENABLE_NS_ASSERTIONS = NO;
				ENABLE_STRICT_OBJC_MSGSEND = YES;
				GCC_C_LANGUAGE_STANDARD = gnu99;
				GCC_NO_COMMON_BLOCKS = YES;
				GCC_WARN_64_TO_32_BIT_CONVERSION = YES;
				GCC_WARN_ABOUT_RETURN_TYPE = YES_ERROR;
				GCC_WARN_UNDECLARED_SELECTOR = YES;
				GCC_WARN_UNINITIALIZED_AUTOS = YES_AGGRESSIVE;
				GCC_WARN_UNUSED_FUNCTION = YES;
				GCC_WARN_UNUSED_VARIABLE = YES;
				IPHONEOS_DEPLOYMENT_TARGET = 9.2;
				MTL_ENABLE_DEBUG_INFO = NO;
				SDKROOT = iphoneos;
				VALIDATE_PRODUCT = YES;
			};
			name = Release;
		};
		B08B67201E1B6F99004A4A02 /* Debug */ = {
			isa = XCBuildConfiguration;
			buildSettings = {
				ASSETCATALOG_COMPILER_APPICON_NAME = AppIcon;
				INFOPLIST_FILE = "文件的本地缓存方式/Info.plist";
				LD_RUNPATH_SEARCH_PATHS = "$(inherited) @executable_path/Frameworks";
				PRODUCT_BUNDLE_IDENTIFIER = "feyddy.---------";
				PRODUCT_NAME = "$(TARGET_NAME)";
			};
			name = Debug;
		};
		B08B67211E1B6F99004A4A02 /* Release */ = {
			isa = XCBuildConfiguration;
			buildSettings = {
				ASSETCATALOG_COMPILER_APPICON_NAME = AppIcon;
				INFOPLIST_FILE = "文件的本地缓存方式/Info.plist";
				LD_RUNPATH_SEARCH_PATHS = "$(inherited) @executable_path/Frameworks";
				PRODUCT_BUNDLE_IDENTIFIER = "feyddy.---------";
				PRODUCT_NAME = "$(TARGET_NAME)";
			};
			name = Release;
		};
		B08B67231E1B6F99004A4A02 /* Debug */ = {
			isa = XCBuildConfiguration;
			buildSettings = {
				BUNDLE_LOADER = "$(TEST_HOST)";
				INFOPLIST_FILE = "文件的本地缓存方式Tests/Info.plist";
				LD_RUNPATH_SEARCH_PATHS = "$(inherited) @executable_path/Frameworks @loader_path/Frameworks";
				PRODUCT_BUNDLE_IDENTIFIER = "feyddy.---------Tests";
				PRODUCT_NAME = "$(TARGET_NAME)";
				TEST_HOST = "$(BUILT_PRODUCTS_DIR)/文件的本地缓存方式.app/文件的本地缓存方式";
			};
			name = Debug;
		};
		B08B67241E1B6F99004A4A02 /* Release */ = {
			isa = XCBuildConfiguration;
			buildSettings = {
				BUNDLE_LOADER = "$(TEST_HOST)";
				INFOPLIST_FILE = "文件的本地缓存方式Tests/Info.plist";
				LD_RUNPATH_SEARCH_PATHS = "$(inherited) @executable_path/Frameworks @loader_path/Frameworks";
				PRODUCT_BUNDLE_IDENTIFIER = "feyddy.---------Tests";
				PRODUCT_NAME = "$(TARGET_NAME)";
				TEST_HOST = "$(BUILT_PRODUCTS_DIR)/文件的本地缓存方式.app/文件的本地缓存方式";
			};
			name = Release;
		};
		B08B67261E1B6F99004A4A02 /* Debug */ = {
			isa = XCBuildConfiguration;
			buildSettings = {
				INFOPLIST_FILE = "文件的本地缓存方式UITests/Info.plist";
				LD_RUNPATH_SEARCH_PATHS = "$(inherited) @executable_path/Frameworks @loader_path/Frameworks";
				PRODUCT_BUNDLE_IDENTIFIER = "feyddy.---------UITests";
				PRODUCT_NAME = "$(TARGET_NAME)";
				TEST_TARGET_NAME = "文件的本地缓存方式";
				USES_XCTRUNNER = YES;
			};
			name = Debug;
		};
		B08B67271E1B6F99004A4A02 /* Release */ = {
			isa = XCBuildConfiguration;
			buildSettings = {
				INFOPLIST_FILE = "文件的本地缓存方式UITests/Info.plist";
				LD_RUNPATH_SEARCH_PATHS = "$(inherited) @executable_path/Frameworks @loader_path/Frameworks";
				PRODUCT_BUNDLE_IDENTIFIER = "feyddy.---------UITests";
				PRODUCT_NAME = "$(TARGET_NAME)";
				TEST_TARGET_NAME = "文件的本地缓存方式";
				USES_XCTRUNNER = YES;
			};
			name = Release;
		};
/* End XCBuildConfiguration section */

/* Begin XCConfigurationList section */
		B08B66ED1E1B6F99004A4A02 /* Build configuration list for PBXProject "文件的本地缓存方式" */ = {
			isa = XCConfigurationList;
			buildConfigurations = (
				B08B671D1E1B6F99004A4A02 /* Debug */,
				B08B671E1E1B6F99004A4A02 /* Release */,
			);
			defaultConfigurationIsVisible = 0;
			defaultConfigurationName = Release;
		};
		B08B671F1E1B6F99004A4A02 /* Build configuration list for PBXNativeTarget "文件的本地缓存方式" */ = {
			isa = XCConfigurationList;
			buildConfigurations = (
				B08B67201E1B6F99004A4A02 /* Debug */,
				B08B67211E1B6F99004A4A02 /* Release */,
			);
			defaultConfigurationIsVisible = 0;
			defaultConfigurationName = Release;
		};
		B08B67221E1B6F99004A4A02 /* Build configuration list for PBXNativeTarget "文件的本地缓存方式Tests" */ = {
			isa = XCConfigurationList;
			buildConfigurations = (
				B08B67231E1B6F99004A4A02 /* Debug */,
				B08B67241E1B6F99004A4A02 /* Release */,
			);
			defaultConfigurationIsVisible = 0;
			defaultConfigurationName = Release;
		};
		B08B67251E1B6F99004A4A02 /* Build configuration list for PBXNativeTarget "文件的本地缓存方式UITests" */ = {
			isa = XCConfigurationList;
			buildConfigurations = (
				B08B67261E1B6F99004A4A02 /* Debug */,
				B08B67271E1B6F99004A4A02 /* Release */,
			);
			defaultConfigurationIsVisible = 0;
			defaultConfigurationName = Release;
		};
/* End XCConfigurationList section */
	};
	rootObject = B08B66EA1E1B6F99004A4A02 /* Project object */;
}
